github.com/bgentry/speakeasy v0.1.0 h1:ByYyxL9InA1OWqxJqqp2A5pYHUrCiAL6K3J+LKSsQkY=
github.com/bgentry/speakeasy v0.1.0/go.mod h1:+zsyZBPWlz7T6j88CTgSN5bM796AkVf0kBD4zp0CCIs=
github.com/gorilla/securecookie v1.1.1 h1:miw7JPhV+b/lAHSXz4qd/nN9jRiAFV5FwjeKyCS8BvQ=
github.com/gorilla/securecookie v1.1.1/go.mod h1:ra0sb63/xPlUeL+yeDciTfxMRAA+MP+HVt/4epWDjd4=
github.com/msteinert/pam v0.0.0-20201130170657-e61372126161 h1:XQ1+fYPzaWZCVdu1xzjL917Xy9Yb7imLEU0wHelafKA=
github.com/msteinert/pam v0.0.0-20201130170657-e61372126161/go.mod h1:np1wUFZ6tyoke22qDJZY40URn9Ae51gX7ljIWXN5TJs=
libvirt.org/libvirt-go v7.0.0+incompatible h1:Ebw+ZbbsCqB8ok4UmVpB9YhE3axm9nQGiuotGerau7Q=
libvirt.org/libvirt-go v7.0.0+incompatible/go.mod h1:CPoljLoiC2aEw+62g1rZXl2oXAJaNsrq4YCSmJOELek=
